
Microsoft Visual Studio Solution File, Format Version 12.00
# Visual Studio Version 17
VisualStudioVersion = 17.7.34221.43
MinimumVisualStudioVersion = 10.0.40219.1
Project("{F184B08F-C81C-45F6-A57F-5ABD9991F28F}") = "LibreriaDeClasesRepsol", "LibreriaDeClasesRepsol\LibreriaDeClasesRepsol.vbproj", "{EB6F1577-18DB-4BCE-A746-EFC77D5F7178}"
EndProject
Global
	GlobalSection(SolutionConfigurationPlatforms) = preSolution
		Debug|Any CPU = Debug|Any CPU
		Release|Any CPU = Release|Any CPU
	EndGlobalSection
	GlobalSection(ProjectConfigurationPlatforms) = postSolution
		{EB6F1577-18DB-4BCE-A746-EFC77D5F7178}.Debug|Any CPU.ActiveCfg = Debug|Any CPU
		{EB6F1577-18DB-4BCE-A746-EFC77D5F7178}.Debug|Any CPU.Build.0 = Debug|Any CPU
		{EB6F1577-18DB-4BCE-A746-EFC77D5F7178}.Release|Any CPU.ActiveCfg = Release|Any CPU
		{EB6F1577-18DB-4BCE-A746-EFC77D5F7178}.Release|Any CPU.Build.0 = Release|Any CPU
	EndGlobalSection
	GlobalSection(SolutionProperties) = preSolution
		HideSolutionNode = FALSE
	EndGlobalSection
	GlobalSection(ExtensibilityGlobals) = postSolution
		SolutionGuid = {8816F3E6-A62C-44E9-AD3B-F45443DB5C76}
	EndGlobalSection
EndGlobal
